
Microsoft Visual Studio Solution File, Format Version 12.00
# Visual Studio Version 17
VisualStudioVersion = 17.0.31903.59
MinimumVisualStudioVersion = 10.0.40219.1
Project("{FAE04EC0-301F-11D3-BF4B-00C04F79EFBC}") = "API", "API\API.csproj", "{5000CD8E-16C6-4C74-AD99-7DA9672D51AF}"
EndProject
Project("{FAE04EC0-301F-11D3-BF4B-00C04F79EFBC}") = "Application", "Application\Application.csproj", "{97684F95-B9E8-415A-A64C-87476CFBA776}"
EndProject
Project("{FAE04EC0-301F-11D3-BF4B-00C04F79EFBC}") = "Domain", "Domain\Domain.csproj", "{59BF8324-B75C-46FB-90FE-6515B196B3E0}"
EndProject
Project("{FAE04EC0-301F-11D3-BF4B-00C04F79EFBC}") = "Persistence", "Persistence\Persistence.csproj", "{C6C4F3CA-450A-43E9-8DE3-3A5993F411A4}"
EndProject
Global
	GlobalSection(SolutionConfigurationPlatforms) = preSolution
		Debug|Any CPU = Debug|Any CPU
		Release|Any CPU = Release|Any CPU
	EndGlobalSection
	GlobalSection(SolutionProperties) = preSolution
		HideSolutionNode = FALSE
	EndGlobalSection
	GlobalSection(ProjectConfigurationPlatforms) = postSolution
		{5000CD8E-16C6-4C74-AD99-7DA9672D51AF}.Debug|Any CPU.ActiveCfg = Debug|Any CPU
		{5000CD8E-16C6-4C74-AD99-7DA9672D51AF}.Debug|Any CPU.Build.0 = Debug|Any CPU
		{5000CD8E-16C6-4C74-AD99-7DA9672D51AF}.Release|Any CPU.ActiveCfg = Release|Any CPU
		{5000CD8E-16C6-4C74-AD99-7DA9672D51AF}.Release|Any CPU.Build.0 = Release|Any CPU
		{97684F95-B9E8-415A-A64C-87476CFBA776}.Debug|Any CPU.ActiveCfg = Debug|Any CPU
		{97684F95-B9E8-415A-A64C-87476CFBA776}.Debug|Any CPU.Build.0 = Debug|Any CPU
		{97684F95-B9E8-415A-A64C-87476CFBA776}.Release|Any CPU.ActiveCfg = Release|Any CPU
		{97684F95-B9E8-415A-A64C-87476CFBA776}.Release|Any CPU.Build.0 = Release|Any CPU
		{59BF8324-B75C-46FB-90FE-6515B196B3E0}.Debug|Any CPU.ActiveCfg = Debug|Any CPU
		{59BF8324-B75C-46FB-90FE-6515B196B3E0}.Debug|Any CPU.Build.0 = Debug|Any CPU
		{59BF8324-B75C-46FB-90FE-6515B196B3E0}.Release|Any CPU.ActiveCfg = Release|Any CPU
		{59BF8324-B75C-46FB-90FE-6515B196B3E0}.Release|Any CPU.Build.0 = Release|Any CPU
		{C6C4F3CA-450A-43E9-8DE3-3A5993F411A4}.Debug|Any CPU.ActiveCfg = Debug|Any CPU
		{C6C4F3CA-450A-43E9-8DE3-3A5993F411A4}.Debug|Any CPU.Build.0 = Debug|Any CPU
		{C6C4F3CA-450A-43E9-8DE3-3A5993F411A4}.Release|Any CPU.ActiveCfg = Release|Any CPU
		{C6C4F3CA-450A-43E9-8DE3-3A5993F411A4}.Release|Any CPU.Build.0 = Release|Any CPU
	EndGlobalSection
EndGlobal
